Microsoft Visual Studio Solution File, Format Version 11.00
# Visual Studio 2017

Project("{8BC9CEB8-8B4A-11D0-8D11-00A0C91BC942}") = "SARAH - VST", "SARAH_VST.vcxproj", "{130CA72F-D7ED-0712-8AB5-77549F0DAB8C}"
	ProjectSection(ProjectDependencies) = postProject
		{46AC64C9-7011-6A66-DCCB-A0646955D075} = {46AC64C9-7011-6A66-DCCB-A0646955D075}
	EndProjectSection
EndProject
Project("{8BC9CEB8-8B4A-11D0-8D11-00A0C91BC942}") = "SARAH - Shared Code", "SARAH_SharedCode.vcxproj", "{46AC64C9-7011-6A66-DCCB-A0646955D075}"
EndProject
Global
	GlobalSection(SolutionConfigurationPlatforms) = preSolution
		Debug|x64 = Debug|x64
		Release|x64 = Release|x64
	EndGlobalSection
	GlobalSection(ProjectConfigurationPlatforms) = postSolution
		{130CA72F-D7ED-0712-8AB5-77549F0DAB8C}.Debug|x64.ActiveCfg = Debug|x64
		{130CA72F-D7ED-0712-8AB5-77549F0DAB8C}.Debug|x64.Build.0 = Debug|x64
		{130CA72F-D7ED-0712-8AB5-77549F0DAB8C}.Release|x64.ActiveCfg = Release|x64
		{130CA72F-D7ED-0712-8AB5-77549F0DAB8C}.Release|x64.Build.0 = Release|x64
		{46AC64C9-7011-6A66-DCCB-A0646955D075}.Debug|x64.ActiveCfg = Debug|x64
		{46AC64C9-7011-6A66-DCCB-A0646955D075}.Debug|x64.Build.0 = Debug|x64
		{46AC64C9-7011-6A66-DCCB-A0646955D075}.Release|x64.ActiveCfg = Release|x64
		{46AC64C9-7011-6A66-DCCB-A0646955D075}.Release|x64.Build.0 = Release|x64
	EndGlobalSection
	GlobalSection(SolutionProperties) = preSolution
		HideSolutionNode = FALSE
	EndGlobalSection
EndGlobal
