// !$*UTF8*$!
{
	archiveVersion = 1;
	classes = {
	};
	objectVersion = 46;
	objects = {

		882DEF5B63086AD7BEC62876 = {isa = PBXBuildFile; fileRef = 801FF0CD4FCCE6ACB26C7B0B; };
		887A60AE5714797E6BC2EF74 = {isa = PBXBuildFile; fileRef = 84651FD5077B50932B77DF90; };
		8A4D76D86783B8423BDDDA55 = {isa = PBXBuildFile; fileRef = 9B27AC7EF1A349EDB7586149; };
		E85512AE969C0C1E718341FA = {isa = PBXBuildFile; fileRef = 0060C0912C6579CF03E05FD7; };
		69AF1643FE2B63F513243E6D = {isa = PBXBuildFile; fileRef = 39075FB27BD99C373BC413C2; };
		80CCD4916906B2BCE71F1084 = {isa = PBXBuildFile; fileRef = 53F42EC28B8C8476AED687CD; };
		F05887E948D5DA72B459193F = {isa = PBXBuildFile; fileRef = 45B5AAE5EEA0C0C23F0A2066; };
		A67662999B77C362F5048666 = {isa = PBXBuildFile; fileRef = 2855C94D7025657518C13E14; };
		B629017EABF450E39A833EEE = {isa = PBXBuildFile; fileRef = 493844CA94B98150EF202A59; };
		9BAAD3257D5CDCD8ECC8F709 = {isa = PBXBuildFile; fileRef = 627063287C2AC67132CC4DFF; };
		23B9B7974501CA12C016B256 = {isa = PBXBuildFile; fileRef = FBF96E1F87ED48CEB0A4B9D9; };
		A0AC1D03E409310C2F377FEC = {isa = PBXBuildFile; fileRef = 804847700BCA481FA4611845; };
		1A116840919C3029A61126C3 = {isa = PBXBuildFile; fileRef = 26A3123302858D7C31DD1FCD; };
		EB8FE3E00D77E52AD8C0229A = {isa = PBXBuildFile; fileRef = D94A330DD7B82AF5E408583F; };
		B5DF7450BB47A0B82536167C = {isa = PBXBuildFile; fileRef = 920E7DD430CA4B8B0FCF71CE; };
		FD35FCF29C2F3C28C9B49706 = {isa = PBXBuildFile; fileRef = DB59E0070A2D44C9ADC9B069; };
		851297BC177E3DC640F3749F = {isa = PBXBuildFile; fileRef = 5C1B0751D299E984B9CBB1CE; };
		FD2D36FF804C5E1DEC9D2298 = {isa = PBXBuildFile; fileRef = 6EAA02EDAE362B980C4D9672; };
		8A3B67E6613B2EF47E2AB913 = {isa = PBXBuildFile; fileRef = 65EF742271C52A3F303E03F0; };
		34BA1639B68FEA65A8A76D34 = {isa = PBXBuildFile; fileRef = 668ABB7987C635F815F45753; };
		BC28C2E1913DF721333EB7A0 = {isa = PBXBuildFile; fileRef = D2C33C009BDCE9F2D9542F84; };
		C74512C54743E6C9948AA881 = {isa = PBXBuildFile; fileRef = 0FB90D6D62C34D1D05174DF5; };
		C017F4B6C3DBB864F6263ECB = {isa = PBXBuildFile; fileRef = C471C0B7739574EAB723463F; };
		1C64499681A71DF6A7EA23B4 = {isa = PBXBuildFile; fileRef = 6EA6724DAADCA1B725CAF7EE; };
		C085C79348320DEB9CF3A06B = {isa = PBXBuildFile; fileRef = C065BCBBA4FA38E5E3E76261; };
		5C8C79A176D11C9B854E271A = {isa = PBXBuildFile; fileRef = F1C010C18DCF3996F05EA3B0; };
		3D1A00F19B5B6F468A8FFD3A = {isa = PBXBuildFile; fileRef = 949337722E1391C22BA3C811; };
		C80F83FF1B8AA58A8BFFB607 = {isa = PBXBuildFile; fileRef = EEB7FFFC3AB479FDD034A436; };
		C62BC12F6B107B53DDD500F0 = {isa = PBXBuildFile; fileRef = 2C223C334750250CAA5ED2A8; };
		784CFF7462F5E4804C1D2AB1 = {isa = PBXBuildFile; fileRef = 25CAD0CE2AFB561DE62A4AE5; };
		5BE9B1F58BD6E7C7E8B2C8DB = {isa = PBXBuildFile; fileRef = 8EE7EFA1D013E9D9115E6440; };
		8038D64BAAF580AC3F20CAC5 = {isa = PBXBuildFile; fileRef = AA18A9B0EC97503EA7CE46EB; };
		54BDC435FE236BEC612EB22A = {isa = PBXBuildFile; fileRef = 3EA3856AC90CC2634F8DBB0A; };
		F2DBE7619D78232615321A44 = {isa = PBXBuildFile; fileRef = DBD0D5191FE269D44607CF79; };
		5344B4476F185C23C1D90E61 = {isa = PBXBuildFile; fileRef = 15316BB65D65002171DF6BFB; };
		128DCDB5BA3C2190610A6424 = {isa = PBXBuildFile; fileRef = 2D728443A612D2D58B8D8CD2; };
		07BFDC946263E49F9F9867D5 = {isa = PBXBuildFile; fileRef = CA0A67F917A99C776C8A0819; };
		56852DEECC55333E5AD65906 = {isa = PBXBuildFile; fileRef = 06A08D6E028D291750045657; };
		EDD73701175737513F23A4F5 = {isa = PBXBuildFile; fileRef = 7DB2671BDE85A749D8071B93; };
		13E28A74B8F8F1664DA632A2 = {isa = PBXBuildFile; fileRef = 599884FCB0C0F9F8BF7FDF7E; };
		E620E64891C682199C719C02 = {isa = PBXBuildFile; fileRef = B69404F4B596922DBC943C36; };
		6957FF4DDDC30CF6D2653883 = {isa = PBXBuildFile; fileRef = 33963F58683B4F38253BC126; };
		229B9E58C18F0417C264A2CE = {isa = PBXBuildFile; fileRef = A3748366EC67BAA4708B945D; };
		ABAA3E15444657585B103CEC = {isa = PBXBuildFile; fileRef = C153A550335BF731D37825BD; };
		41985323DF6BF4F35A5A3CA9 = {isa = PBXBuildFile; fileRef = ADA84B52A61B6D17EE2A0132; };
		6DB39E66E29E4C02A25BFE29 = {isa = PBXBuildFile; fileRef = 7D7B26BDF14670A345A0DCEE; };
		81C56E35049909E830079FCA = {isa = PBXBuildFile; fileRef = FB66F5BDFEA9926B3826EF62; };
		F8479CD868FD328354C72566 = {isa = PBXBuildFile; fileRef = 7A66CCAA10E11E552D53457C; };
		0060C0912C6579CF03E05FD7 = {isa = PBXFileReference; lastKnownFileType = wrapper.framework; name = Accelerate.framework; path = System/Library/Frameworks/Accelerate.framework; sourceTree = SDKROOT; };
		02FB94693C3CC289BDD6923B = {isa = PBXFileReference; lastKnownFileType = file; name = "juce_core"; path = "../../JuceLibraryCode/modules/juce_core"; sourceTree = "SOURCE_ROOT"; };
		06A08D6E028D291750045657 = {isa = PBXFileReference; lastKnownFileType = sourcecode.cpp.objcpp; name = "include_juce_audio_processors.mm"; path = "../../JuceLibraryCode/include_juce_audio_processors.mm"; sourceTree = "SOURCE_ROOT"; };
		0E2B91B76F7EE9E89C3A7626 = {isa = PBXFileReference; lastKnownFileType = file; name = "juce_audio_basics"; path = "../../JuceLibraryCode/modules/juce_audio_basics"; sourceTree = "SOURCE_ROOT"; };
		0FB90D6D62C34D1D05174DF5 = {isa = PBXFileReference; lastKnownFileType = sourcecode.cpp.cpp; name = SynthLFO.cpp; path = ../../Source/SynthLFO.cpp; sourceTree = "SOURCE_ROOT"; };
		15316BB65D65002171DF6BFB = {isa = PBXFileReference; lastKnownFileType = sourcecode.cpp.cpp; name = "include_juce_audio_plugin_client_utils.cpp"; path = "../../JuceLibraryCode/include_juce_audio_plugin_client_utils.cpp"; sourceTree = "SOURCE_ROOT"; };
		1C13BC6B8271B3967DD6A3E1 = {isa = PBXFileReference; lastKnownFileType = sourcecode.c.h; name = PluginEditor.h; path = ../../Source/PluginEditor.h; sourceTree = "SOURCE_ROOT"; };
		2072292E4D4BF9456B77F5EE = {isa = PBXFileReference; lastKnownFileType = file; name = "juce_events"; path = "../../JuceLibraryCode/modules/juce_events"; sourceTree = "SOURCE_ROOT"; };
		25CAD0CE2AFB561DE62A4AE5 = {isa = PBXFileReference; lastKnownFileType = sourcecode.cpp.objcpp; name = "include_juce_audio_devices.mm"; path = "../../JuceLibraryCode/include_juce_audio_devices.mm"; sourceTree = "SOURCE_ROOT"; };
		26A3123302858D7C31DD1FCD = {isa = PBXFileReference; lastKnownFileType = wrapper.framework; name = IOKit.framework; path = System/Library/Frameworks/IOKit.framework; sourceTree = SDKROOT; };
		2855C94D7025657518C13E14 = {isa = PBXFileReference; lastKnownFileType = wrapper.framework; name = Cocoa.framework; path = System/Library/Frameworks/Cocoa.framework; sourceTree = SDKROOT; };
		2C223C334750250CAA5ED2A8 = {isa = PBXFileReference; lastKnownFileType = sourcecode.cpp.objcpp; name = "include_juce_audio_basics.mm"; path = "../../JuceLibraryCode/include_juce_audio_basics.mm"; sourceTree = "SOURCE_ROOT"; };
		2D728443A612D2D58B8D8CD2 = {isa = PBXFileReference; lastKnownFileType = sourcecode.cpp.objcpp; name = "include_juce_audio_plugin_client_VST_utils.mm"; path = "../../JuceLibraryCode/include_juce_audio_plugin_client_VST_utils.mm"; sourceTree = "SOURCE_ROOT"; };
		33054783A9A989E94CB2185A = {isa = PBXFileReference; lastKnownFileType = file; name = "juce_audio_utils"; path = "../../JuceLibraryCode/modules/juce_audio_utils"; sourceTree = "SOURCE_ROOT"; };
		33963F58683B4F38253BC126 = {isa = PBXFileReference; lastKnownFileType = sourcecode.cpp.objcpp; name = "include_juce_data_structures.mm"; path = "../../JuceLibraryCode/include_juce_data_structures.mm"; sourceTree = "SOURCE_ROOT"; };
		34211430846879785669BA5C = {isa = PBXFileReference; lastKnownFileType = file; name = "juce_graphics"; path = "../../JuceLibraryCode/modules/juce_graphics"; sourceTree = "SOURCE_ROOT"; };
		342B41E3EFE39C7736E2CD9A = {isa = PBXFileReference; lastKnownFileType = sourcecode.c.h; name = AppConfig.h; path = ../../JuceLibraryCode/AppConfig.h; sourceTree = "SOURCE_ROOT"; };
		39075FB27BD99C373BC413C2 = {isa = PBXFileReference; lastKnownFileType = wrapper.framework; name = AudioToolbox.framework; path = System/Library/Frameworks/AudioToolbox.framework; sourceTree = SDKROOT; };
		3EA3856AC90CC2634F8DBB0A = {isa = PBXFileReference; lastKnownFileType = sourcecode.cpp.objcpp; name = "include_juce_audio_plugin_client_AU_1.mm"; path = "../../JuceLibraryCode/include_juce_audio_plugin_client_AU_1.mm"; sourceTree = "SOURCE_ROOT"; };
		401C537C589411CED6E3535D = {isa = PBXFileReference; lastKnownFileType = file; name = "juce_audio_plugin_client"; path = "../../JuceLibraryCode/modules/juce_audio_plugin_client"; sourceTree = "SOURCE_ROOT"; };
		45B5AAE5EEA0C0C23F0A2066 = {isa = PBXFileReference; lastKnownFileType = wrapper.framework; name = Carbon.framework; path = System/Library/Frameworks/Carbon.framework; sourceTree = SDKROOT; };
		493844CA94B98150EF202A59 = {isa = PBXFileReference; lastKnownFileType = wrapper.framework; name = CoreAudio.framework; path = System/Library/Frameworks/CoreAudio.framework; sourceTree = SDKROOT; };
		49726780BD7CA8B5E35E0BB3 = {isa = PBXFileReference; lastKnownFileType = sourcecode.c.h; name = SynthOscillator.h; path = ../../Source/SynthOscillator.h; sourceTree = "SOURCE_ROOT"; };
		51C1F9D584B919F523DEE6D0 = {isa = PBXFileReference; lastKnownFileType = text.plist.xml; name = "Info-VST.plist"; path = "Info-VST.plist"; sourceTree = "SOURCE_ROOT"; };
		53F42EC28B8C8476AED687CD = {isa = PBXFileReference; lastKnownFileType = wrapper.framework; name = AudioUnit.framework; path = System/Library/Frameworks/AudioUnit.framework; sourceTree = SDKROOT; };
		599884FCB0C0F9F8BF7FDF7E = {isa = PBXFileReference; lastKnownFileType = sourcecode.cpp.objcpp; name = "include_juce_core.mm"; path = "../../JuceLibraryCode/include_juce_core.mm"; sourceTree = "SOURCE_ROOT"; };
		5C1B0751D299E984B9CBB1CE = {isa = PBXFileReference; lastKnownFileType = file.nib; name = RecentFilesMenuTemplate.nib; path = RecentFilesMenuTemplate.nib; sourceTree = "SOURCE_ROOT"; };
		627063287C2AC67132CC4DFF = {isa = PBXFileReference; lastKnownFileType = wrapper.framework; name = CoreAudioKit.framework; path = System/Library/Frameworks/CoreAudioKit.framework; sourceTree = SDKROOT; };
		65EF742271C52A3F303E03F0 = {isa = PBXFileReference; lastKnownFileType = sourcecode.cpp.cpp; name = PluginEditor.cpp; path = ../../Source/PluginEditor.cpp; sourceTree = "SOURCE_ROOT"; };
		668ABB7987C635F815F45753 = {isa = PBXFileReference; lastKnownFileType = sourcecode.cpp.cpp; name = Synth.cpp; path = ../../Source/Synth.cpp; sourceTree = "SOURCE_ROOT"; };
		68514B1E6CCE4D5E705AF942 = {isa = PBXFileReference; lastKnownFileType = sourcecode.c.h; name = JuceHeader.h; path = ../../JuceLibraryCode/JuceHeader.h; sourceTree = "SOURCE_ROOT"; };
		6DB56FC7EF2395AF23166802 = {isa = PBXFileReference; lastKnownFileType = file; name = "juce_audio_devices"; path = "../../JuceLibraryCode/modules/juce_audio_devices"; sourceTree = "SOURCE_ROOT"; };
		6EA6724DAADCA1B725CAF7EE = {isa = PBXFileReference; lastKnownFileType = sourcecode.cpp.cpp; name = SynthOscillatorBase.cpp; path = ../../Source/SynthOscillatorBase.cpp; sourceTree = "SOURCE_ROOT"; };
		6EAA02EDAE362B980C4D9672 = {isa = PBXFileReference; lastKnownFileType = sourcecode.cpp.cpp; name = PluginProcessor.cpp; path = ../../Source/PluginProcessor.cpp; sourceTree = "SOURCE_ROOT"; };
		6FF457393FD041DA74F43262 = {isa = PBXFileReference; lastKnownFileType = sourcecode.c.h; name = Synth.h; path = ../../Source/Synth.h; sourceTree = "SOURCE_ROOT"; };
		70DDCA7D38763C0AD55A9DF9 = {isa = PBXFileReference; lastKnownFileType = file; name = "juce_audio_processors"; path = "../../JuceLibraryCode/modules/juce_audio_processors"; sourceTree = "SOURCE_ROOT"; };
		795E29EB66A800B880FBCBD8 = {isa = PBXFileReference; lastKnownFileType = file; name = "juce_gui_basics"; path = "../../JuceLibraryCode/modules/juce_gui_basics"; sourceTree = "SOURCE_ROOT"; };
		7A66CCAA10E11E552D53457C = {isa = PBXFileReference; lastKnownFileType = sourcecode.cpp.objcpp; name = "include_juce_opengl.mm"; path = "../../JuceLibraryCode/include_juce_opengl.mm"; sourceTree = "SOURCE_ROOT"; };
		7D7B26BDF14670A345A0DCEE = {isa = PBXFileReference; lastKnownFileType = sourcecode.cpp.objcpp; name = "include_juce_gui_basics.mm"; path = "../../JuceLibraryCode/include_juce_gui_basics.mm"; sourceTree = "SOURCE_ROOT"; };
		7DB2671BDE85A749D8071B93 = {isa = PBXFileReference; lastKnownFileType = sourcecode.cpp.objcpp; name = "include_juce_audio_utils.mm"; path = "../../JuceLibraryCode/include_juce_audio_utils.mm"; sourceTree = "SOURCE_ROOT"; };
		7F72A34879CE9371985AC3B0 = {isa = PBXFileReference; lastKnownFileType = file; name = "juce_audio_formats"; path = "../../JuceLibraryCode/modules/juce_audio_formats"; sourceTree = "SOURCE_ROOT"; };
		801FF0CD4FCCE6ACB26C7B0B = {isa = PBXFileReference; explicitFileType = wrapper.cfbundle; includeInIndex = 0; path = SARAH.vst; sourceTree = "BUILT_PRODUCTS_DIR"; };
		804847700BCA481FA4611845 = {isa = PBXFileReference; lastKnownFileType = wrapper.framework; name = DiscRecording.framework; path = System/Library/Frameworks/DiscRecording.framework; sourceTree = SDKROOT; };
		83410B66AA2C4010B2C5BE6F = {isa = PBXFileReference; lastKnownFileType = file; name = "juce_data_structures"; path = "../../JuceLibraryCode/modules/juce_data_structures"; sourceTree = "SOURCE_ROOT"; };
		84651FD5077B50932B77DF90 = {isa = PBXFileReference; explicitFileType = wrapper.cfbundle; includeInIndex = 0; path = SARAH.component; sourceTree = "BUILT_PRODUCTS_DIR"; };
		8490F836BB0058CF149A11CF = {isa = PBXFileReference; lastKnownFileType = file; name = "juce_opengl"; path = "../../JuceLibraryCode/modules/juce_opengl"; sourceTree = "SOURCE_ROOT"; };
		8B4255B35DDFDAB14F5899AD = {isa = PBXFileReference; lastKnownFileType = text.plist.xml; name = SARAH.entitlements; path = SARAH.entitlements; sourceTree = "SOURCE_ROOT"; };
		8EE7EFA1D013E9D9115E6440 = {isa = PBXFileReference; lastKnownFileType = sourcecode.cpp.objcpp; name = "include_juce_audio_formats.mm"; path = "../../JuceLibraryCode/include_juce_audio_formats.mm"; sourceTree = "SOURCE_ROOT"; };
		920E7DD430CA4B8B0FCF71CE = {isa = PBXFileReference; lastKnownFileType = wrapper.framework; name = QuartzCore.framework; path = System/Library/Frameworks/QuartzCore.framework; sourceTree = SDKROOT; };
		949337722E1391C22BA3C811 = {isa = PBXFileReference; lastKnownFileType = sourcecode.cpp.cpp; name = SynthVoice.cpp; path = ../../Source/SynthVoice.cpp; sourceTree = "SOURCE_ROOT"; };
		9B27AC7EF1A349EDB7586149 = {isa = PBXFileReference; explicitFileType = archive.ar; includeInIndex = 0; path = libSARAH.a; sourceTree = "BUILT_PRODUCTS_DIR"; };
		9BA12A071F885FE5A559E22B = {isa = PBXFileReference; lastKnownFileType = file; name = "juce_cryptography"; path = "../../JuceLibraryCode/modules/juce_cryptography"; sourceTree = "SOURCE_ROOT"; };
		A3748366EC67BAA4708B945D = {isa = PBXFileReference; lastKnownFileType = sourcecode.cpp.objcpp; name = "include_juce_dsp.mm"; path = "../../JuceLibraryCode/include_juce_dsp.mm"; sourceTree = "SOURCE_ROOT"; };
		AA18A9B0EC97503EA7CE46EB = {isa = PBXFileReference; lastKnownFileType = file.r; name = "include_juce_audio_plugin_client_AU.r"; path = "../../JuceLibraryCode/include_juce_audio_plugin_client_AU.r"; sourceTree = "SOURCE_ROOT"; };
		ADA84B52A61B6D17EE2A0132 = {isa = PBXFileReference; lastKnownFileType = sourcecode.cpp.objcpp; name = "include_juce_graphics.mm"; path = "../../JuceLibraryCode/include_juce_graphics.mm"; sourceTree = "SOURCE_ROOT"; };
		B2B7CA72C691B0B55E5886E3 = {isa = PBXFileReference; lastKnownFileType = sourcecode.c.h; name = SynthOscillatorBase.h; path = ../../Source/SynthOscillatorBase.h; sourceTree = "SOURCE_ROOT"; };
		B51E9E1EAB2B231125B35588 = {isa = PBXFileReference; lastKnownFileType = sourcecode.c.h; name = SynthSound.h; path = ../../Source/SynthSound.h; sourceTree = "SOURCE_ROOT"; };
		B69404F4B596922DBC943C36 = {isa = PBXFileReference; lastKnownFileType = sourcecode.cpp.objcpp; name = "include_juce_cryptography.mm"; path = "../../JuceLibraryCode/include_juce_cryptography.mm"; sourceTree = "SOURCE_ROOT"; };
		BAFCCC73B2CA85E9E703EE45 = {isa = PBXFileReference; lastKnownFileType = text.plist.xml; name = "Info-AU.plist"; path = "Info-AU.plist"; sourceTree = "SOURCE_ROOT"; };
		BEA3D3EA33D3822555DD5EDA = {isa = PBXFileReference; lastKnownFileType = sourcecode.c.h; name = SynthParameters.h; path = ../../Source/SynthParameters.h; sourceTree = "SOURCE_ROOT"; };
		C065BCBBA4FA38E5E3E76261 = {isa = PBXFileReference; lastKnownFileType = sourcecode.cpp.cpp; name = SynthParameters.cpp; path = ../../Source/SynthParameters.cpp; sourceTree = "SOURCE_ROOT"; };
		C153A550335BF731D37825BD = {isa = PBXFileReference; lastKnownFileType = sourcecode.cpp.objcpp; name = "include_juce_events.mm"; path = "../../JuceLibraryCode/include_juce_events.mm"; sourceTree = "SOURCE_ROOT"; };
		C471C0B7739574EAB723463F = {isa = PBXFileReference; lastKnownFileType = sourcecode.cpp.cpp; name = SynthOscillator.cpp; path = ../../Source/SynthOscillator.cpp; sourceTree = "SOURCE_ROOT"; };
		CA0A67F917A99C776C8A0819 = {isa = PBXFileReference; lastKnownFileType = sourcecode.cpp.cpp; name = "include_juce_audio_plugin_client_VST2.cpp"; path = "../../JuceLibraryCode/include_juce_audio_plugin_client_VST2.cpp"; sourceTree = "SOURCE_ROOT"; };
		D0B9973087BAE5DE5E59C7BC = {isa = PBXFileReference; lastKnownFileType = sourcecode.c.h; name = SynthEnvelopeGenerator.h; path = ../../Source/SynthEnvelopeGenerator.h; sourceTree = "SOURCE_ROOT"; };
		D2C33C009BDCE9F2D9542F84 = {isa = PBXFileReference; lastKnownFileType = sourcecode.cpp.cpp; name = SynthEnvelopeGenerator.cpp; path = ../../Source/SynthEnvelopeGenerator.cpp; sourceTree = "SOURCE_ROOT"; };
		D30C487623FD7642C3CF77D4 = {isa = PBXFileReference; lastKnownFileType = sourcecode.c.h; name = PluginProcessor.h; path = ../../Source/PluginProcessor.h; sourceTree = "SOURCE_ROOT"; };
		D42F98A57962F1828B612FAB = {isa = PBXFileReference; lastKnownFileType = file; name = "juce_dsp"; path = "../../JuceLibraryCode/modules/juce_dsp"; sourceTree = "SOURCE_ROOT"; };
		D94A330DD7B82AF5E408583F = {isa = PBXFileReference; lastKnownFileType = wrapper.framework; name = OpenGL.framework; path = System/Library/Frameworks/OpenGL.framework; sourceTree = SDKROOT; };
		DB59E0070A2D44C9ADC9B069 = {isa = PBXFileReference; lastKnownFileType = wrapper.framework; name = WebKit.framework; path = System/Library/Frameworks/WebKit.framework; sourceTree = SDKROOT; };
		DBD0D5191FE269D44607CF79 = {isa = PBXFileReference; lastKnownFileType = sourcecode.cpp.objcpp; name = "include_juce_audio_plugin_client_AU_2.mm"; path = "../../JuceLibraryCode/include_juce_audio_plugin_client_AU_2.mm"; sourceTree = "SOURCE_ROOT"; };
		DEA5BCFAD1DC08C65AED620B = {isa = PBXFileReference; lastKnownFileType = sourcecode.c.h; name = SynthWaveform.h; path = ../../Source/SynthWaveform.h; sourceTree = "SOURCE_ROOT"; };
		E321EB26E807C7B47B7D2B81 = {isa = PBXFileReference; lastKnownFileType = file; name = "juce_gui_extra"; path = "../../JuceLibraryCode/modules/juce_gui_extra"; sourceTree = "SOURCE_ROOT"; };
		E64C378FAFBF617748467C1F = {isa = PBXFileReference; lastKnownFileType = sourcecode.c.h; name = SynthVoice.h; path = ../../Source/SynthVoice.h; sourceTree = "SOURCE_ROOT"; };
		EEB7FFFC3AB479FDD034A436 = {isa = PBXFileReference; lastKnownFileType = sourcecode.cpp.cpp; name = SynthWaveform.cpp; path = ../../Source/SynthWaveform.cpp; sourceTree = "SOURCE_ROOT"; };
		F1C010C18DCF3996F05EA3B0 = {isa = PBXFileReference; lastKnownFileType = sourcecode.cpp.cpp; name = SynthSound.cpp; path = ../../Source/SynthSound.cpp; sourceTree = "SOURCE_ROOT"; };
		F7D2525765168EF9761B6A31 = {isa = PBXFileReference; lastKnownFileType = sourcecode.c.h; name = SynthLFO.h; path = ../../Source/SynthLFO.h; sourceTree = "SOURCE_ROOT"; };
		FB66F5BDFEA9926B3826EF62 = {isa = PBXFileReference; lastKnownFileType = sourcecode.cpp.objcpp; name = "include_juce_gui_extra.mm"; path = "../../JuceLibraryCode/include_juce_gui_extra.mm"; sourceTree = "SOURCE_ROOT"; };
		FBF96E1F87ED48CEB0A4B9D9 = {isa = PBXFileReference; lastKnownFileType = wrapper.framework; name = CoreMIDI.framework; path = System/Library/Frameworks/CoreMIDI.framework; sourceTree = SDKROOT; };
		727BE26DA96AB002336F4A5E = {isa = PBXGroup; children = (
					6EAA02EDAE362B980C4D9672,
					D30C487623FD7642C3CF77D4,
					65EF742271C52A3F303E03F0,
					1C13BC6B8271B3967DD6A3E1, ); name = Plugin; sourceTree = "<group>"; };
		84D5E49513AEC5446EC1790E = {isa = PBXGroup; children = (
					668ABB7987C635F815F45753,
					6FF457393FD041DA74F43262,
					D2C33C009BDCE9F2D9542F84,
					D0B9973087BAE5DE5E59C7BC,
					0FB90D6D62C34D1D05174DF5,
					F7D2525765168EF9761B6A31,
					C471C0B7739574EAB723463F,
					49726780BD7CA8B5E35E0BB3,
					6EA6724DAADCA1B725CAF7EE,
					B2B7CA72C691B0B55E5886E3,
					C065BCBBA4FA38E5E3E76261,
					BEA3D3EA33D3822555DD5EDA,
					F1C010C18DCF3996F05EA3B0,
					B51E9E1EAB2B231125B35588,
					949337722E1391C22BA3C811,
					E64C378FAFBF617748467C1F,
					EEB7FFFC3AB479FDD034A436,
					DEA5BCFAD1DC08C65AED620B, ); name = Synthesizer; sourceTree = "<group>"; };
		FDFD42C109E38A2D1F4D3582 = {isa = PBXGroup; children = (
					727BE26DA96AB002336F4A5E,
					84D5E49513AEC5446EC1790E, ); name = SARAH; sourceTree = "<group>"; };
		56E246AC2831C86A08411897 = {isa = PBXGroup; children = (
					0E2B91B76F7EE9E89C3A7626,
					6DB56FC7EF2395AF23166802,
					7F72A34879CE9371985AC3B0,
					401C537C589411CED6E3535D,
					70DDCA7D38763C0AD55A9DF9,
					33054783A9A989E94CB2185A,
					02FB94693C3CC289BDD6923B,
					9BA12A071F885FE5A559E22B,
					83410B66AA2C4010B2C5BE6F,
					D42F98A57962F1828B612FAB,
					2072292E4D4BF9456B77F5EE,
					34211430846879785669BA5C,
					795E29EB66A800B880FBCBD8,
					E321EB26E807C7B47B7D2B81,
					8490F836BB0058CF149A11CF, ); name = "Juce Modules"; sourceTree = "<group>"; };
		553FB5FB19D3D12361E9512B = {isa = PBXGroup; children = (
					342B41E3EFE39C7736E2CD9A,
					2C223C334750250CAA5ED2A8,
					25CAD0CE2AFB561DE62A4AE5,
					8EE7EFA1D013E9D9115E6440,
					AA18A9B0EC97503EA7CE46EB,
					3EA3856AC90CC2634F8DBB0A,
					DBD0D5191FE269D44607CF79,
					15316BB65D65002171DF6BFB,
					2D728443A612D2D58B8D8CD2,
					CA0A67F917A99C776C8A0819,
					06A08D6E028D291750045657,
					7DB2671BDE85A749D8071B93,
					599884FCB0C0F9F8BF7FDF7E,
					B69404F4B596922DBC943C36,
					33963F58683B4F38253BC126,
					A3748366EC67BAA4708B945D,
					C153A550335BF731D37825BD,
					ADA84B52A61B6D17EE2A0132,
					7D7B26BDF14670A345A0DCEE,
					FB66F5BDFEA9926B3826EF62,
					7A66CCAA10E11E552D53457C,
					68514B1E6CCE4D5E705AF942, ); name = "Juce Library Code"; sourceTree = "<group>"; };
		9715A0562759D347EC906A0D = {isa = PBXGroup; children = (
					51C1F9D584B919F523DEE6D0,
					BAFCCC73B2CA85E9E703EE45,
					5C1B0751D299E984B9CBB1CE, ); name = Resources; sourceTree = "<group>"; };
		A0FEBA3AAF83AB1E182495DF = {isa = PBXGroup; children = (
					0060C0912C6579CF03E05FD7,
					39075FB27BD99C373BC413C2,
					53F42EC28B8C8476AED687CD,
					45B5AAE5EEA0C0C23F0A2066,
					2855C94D7025657518C13E14,
					493844CA94B98150EF202A59,
					627063287C2AC67132CC4DFF,
					FBF96E1F87ED48CEB0A4B9D9,
					804847700BCA481FA4611845,
					26A3123302858D7C31DD1FCD,
					D94A330DD7B82AF5E408583F,
					920E7DD430CA4B8B0FCF71CE,
					DB59E0070A2D44C9ADC9B069, ); name = Frameworks; sourceTree = "<group>"; };
		CB785B542545F0D5602412E4 = {isa = PBXGroup; children = (
					801FF0CD4FCCE6ACB26C7B0B,
					84651FD5077B50932B77DF90,
					9B27AC7EF1A349EDB7586149, ); name = Products; sourceTree = "<group>"; };
		F3E08F5BD99852E62F922989 = {isa = PBXGroup; children = (
					8B4255B35DDFDAB14F5899AD,
					FDFD42C109E38A2D1F4D3582,
					56E246AC2831C86A08411897,
					553FB5FB19D3D12361E9512B,
					9715A0562759D347EC906A0D,
					A0FEBA3AAF83AB1E182495DF,
					CB785B542545F0D5602412E4, ); name = Source; sourceTree = "<group>"; };
		CC4FD381A8480807A88C4389 = {isa = XCBuildConfiguration; buildSettings = {  }; name = Debug; };
		77E823EAB434C241BC840148 = {isa = XCBuildConfiguration; buildSettings = {  }; name = Release; };
		530B426E47E7CBB6B3051A63 = {isa = XCBuildConfiguration; buildSettings = {
				CLANG_CXX_LANGUAGE_STANDARD = "c++1z";
				CLANG_LINK_OBJC_RUNTIME = NO;
				COMBINE_HIDPI_IMAGES = YES;
				CONFIGURATION_BUILD_DIR = "$(PROJECT_DIR)/build/$(CONFIGURATION)";
				COPY_PHASE_STRIP = NO;
				DEPLOYMENT_LOCATION = YES;
				DSTROOT = /;
				GCC_DYNAMIC_NO_PIC = NO;
				GCC_OPTIMIZATION_LEVEL = 0;
				GCC_PREPROCESSOR_DEFINITIONS = (
					"_DEBUG=1",
					"DEBUG=1",
					"JUCER_XCODE_MAC_F6D2F4CF=1",
					"JUCE_APP_VERSION=1.0.0",
					"JUCE_APP_VERSION_HEX=0x10000",
					"JucePlugin_Build_VST=1",
					"JucePlugin_Build_VST3=0",
					"JucePlugin_Build_AU=0",
					"JucePlugin_Build_AUv3=0",
					"JucePlugin_Build_RTAS=0",
					"JucePlugin_Build_AAX=0",
					"JucePlugin_Build_Standalone=0", );
				GCC_VERSION = com.apple.compilers.llvm.clang.1_0;
				GENERATE_PKGINFO_FILE = YES;
				HEADER_SEARCH_PATHS = ("../../JuceLibraryCode", "../../JuceLibraryCode/modules", "../../JuceLibraryCode/modules/juce_audio_plugin_client", "$(inherited)");
				INFOPLIST_FILE = Info-VST.plist;
				INFOPLIST_PREPROCESS = NO;
				INSTALL_PATH = "$(HOME)/Library/Audio/Plug-Ins/VST/";
				LIBRARY_STYLE = Bundle;
				MACOSX_DEPLOYMENT_TARGET = 10.11;
				MACOSX_DEPLOYMENT_TARGET_ppc = 10.4;
				OTHER_LDFLAGS = "-bundle -lSARAH";
				PRODUCT_BUNDLE_IDENTIFIER = com.yourcompany.SARAH;
				SDKROOT_ppc = macosx10.5;
				USE_HEADERMAP = NO;
				WRAPPER_EXTENSION = vst; }; name = Debug; };
		2ACFA44137E298BDE44D484D = {isa = XCBuildConfiguration; buildSettings = {
				CLANG_CXX_LANGUAGE_STANDARD = "c++1z";
				CLANG_LINK_OBJC_RUNTIME = NO;
				COMBINE_HIDPI_IMAGES = YES;
				CONFIGURATION_BUILD_DIR = "$(PROJECT_DIR)/build/$(CONFIGURATION)";
				DEAD_CODE_STRIPPING = YES;
				DEPLOYMENT_LOCATION = YES;
				DSTROOT = /;
				GCC_GENERATE_DEBUGGING_SYMBOLS = NO;
				GCC_OPTIMIZATION_LEVEL = 3;
				GCC_PREPROCESSOR_DEFINITIONS = (
					"_NDEBUG=1",
					"NDEBUG=1",
					"JUCER_XCODE_MAC_F6D2F4CF=1",
					"JUCE_APP_VERSION=1.0.0",
					"JUCE_APP_VERSION_HEX=0x10000",
					"JucePlugin_Build_VST=1",
					"JucePlugin_Build_VST3=0",
					"JucePlugin_Build_AU=0",
					"JucePlugin_Build_AUv3=0",
					"JucePlugin_Build_RTAS=0",
					"JucePlugin_Build_AAX=0",
					"JucePlugin_Build_Standalone=0", );
				GCC_SYMBOLS_PRIVATE_EXTERN = YES;
				GCC_VERSION = com.apple.compilers.llvm.clang.1_0;
				GENERATE_PKGINFO_FILE = YES;
				HEADER_SEARCH_PATHS = ("../../JuceLibraryCode", "../../JuceLibraryCode/modules", "../../JuceLibraryCode/modules/juce_audio_plugin_client", "$(inherited)");
				INFOPLIST_FILE = Info-VST.plist;
				INFOPLIST_PREPROCESS = NO;
				INSTALL_PATH = "$(HOME)/Library/Audio/Plug-Ins/VST/";
				LIBRARY_STYLE = Bundle;
				MACOSX_DEPLOYMENT_TARGET = 10.11;
				MACOSX_DEPLOYMENT_TARGET_ppc = 10.4;
				OTHER_LDFLAGS = "-bundle -lSARAH";
				PRODUCT_BUNDLE_IDENTIFIER = com.yourcompany.SARAH;
				SDKROOT_ppc = macosx10.5;
				USE_HEADERMAP = NO;
				WRAPPER_EXTENSION = vst; }; name = Release; };
		9CA0DBFAF72F91515EB8C14E = {isa = XCBuildConfiguration; buildSettings = {
				CLANG_CXX_LANGUAGE_STANDARD = "c++1z";
				CLANG_LINK_OBJC_RUNTIME = NO;
				COMBINE_HIDPI_IMAGES = YES;
				CONFIGURATION_BUILD_DIR = "$(PROJECT_DIR)/build/$(CONFIGURATION)";
				COPY_PHASE_STRIP = NO;
				DEPLOYMENT_LOCATION = YES;
				DSTROOT = /;
				GCC_DYNAMIC_NO_PIC = NO;
				GCC_OPTIMIZATION_LEVEL = 0;
				GCC_PREPROCESSOR_DEFINITIONS = (
					"_DEBUG=1",
					"DEBUG=1",
					"JUCER_XCODE_MAC_F6D2F4CF=1",
					"JUCE_APP_VERSION=1.0.0",
					"JUCE_APP_VERSION_HEX=0x10000",
					"JucePlugin_Build_VST=0",
					"JucePlugin_Build_VST3=0",
					"JucePlugin_Build_AU=1",
					"JucePlugin_Build_AUv3=0",
					"JucePlugin_Build_RTAS=0",
					"JucePlugin_Build_AAX=0",
					"JucePlugin_Build_Standalone=0", );
				GCC_VERSION = com.apple.compilers.llvm.clang.1_0;
				GENERATE_PKGINFO_FILE = YES;
				HEADER_SEARCH_PATHS = ("../../JuceLibraryCode", "../../JuceLibraryCode/modules", "../../JuceLibraryCode/modules/juce_audio_plugin_client", "$(inherited)");
				INFOPLIST_FILE = Info-AU.plist;
				INFOPLIST_PREPROCESS = NO;
				INSTALL_PATH = "$(HOME)/Library/Audio/Plug-Ins/Components/";
				LIBRARY_STYLE = Bundle;
				MACOSX_DEPLOYMENT_TARGET = 10.11;
				MACOSX_DEPLOYMENT_TARGET_ppc = 10.4;
				OTHER_LDFLAGS = "-bundle -lSARAH";
				OTHER_REZFLAGS = "-d ppc_$ppc -d i386_$i386 -d ppc64_$ppc64 -d x86_64_$x86_64 -I /System/Library/Frameworks/CoreServices.framework/Frameworks/CarbonCore.framework/Versions/A/Headers -I \"$(DEVELOPER_DIR)/Extras/CoreAudio/AudioUnits/AUPublic/AUBase\"";
				PRODUCT_BUNDLE_IDENTIFIER = com.yourcompany.SARAH;
				SDKROOT_ppc = macosx10.5;
				USE_HEADERMAP = NO;
				WRAPPER_EXTENSION = component; }; name = Debug; };
		5C4CF767815E08D40755F9A9 = {isa = XCBuildConfiguration; buildSettings = {
				CLANG_CXX_LANGUAGE_STANDARD = "c++1z";
				CLANG_LINK_OBJC_RUNTIME = NO;
				COMBINE_HIDPI_IMAGES = YES;
				CONFIGURATION_BUILD_DIR = "$(PROJECT_DIR)/build/$(CONFIGURATION)";
				DEAD_CODE_STRIPPING = YES;
				DEPLOYMENT_LOCATION = YES;
				DSTROOT = /;
				GCC_GENERATE_DEBUGGING_SYMBOLS = NO;
				GCC_OPTIMIZATION_LEVEL = 3;
				GCC_PREPROCESSOR_DEFINITIONS = (
					"_NDEBUG=1",
					"NDEBUG=1",
					"JUCER_XCODE_MAC_F6D2F4CF=1",
					"JUCE_APP_VERSION=1.0.0",
					"JUCE_APP_VERSION_HEX=0x10000",
					"JucePlugin_Build_VST=0",
					"JucePlugin_Build_VST3=0",
					"JucePlugin_Build_AU=1",
					"JucePlugin_Build_AUv3=0",
					"JucePlugin_Build_RTAS=0",
					"JucePlugin_Build_AAX=0",
					"JucePlugin_Build_Standalone=0", );
				GCC_SYMBOLS_PRIVATE_EXTERN = YES;
				GCC_VERSION = com.apple.compilers.llvm.clang.1_0;
				GENERATE_PKGINFO_FILE = YES;
				HEADER_SEARCH_PATHS = ("../../JuceLibraryCode", "../../JuceLibraryCode/modules", "../../JuceLibraryCode/modules/juce_audio_plugin_client", "$(inherited)");
				INFOPLIST_FILE = Info-AU.plist;
				INFOPLIST_PREPROCESS = NO;
				INSTALL_PATH = "$(HOME)/Library/Audio/Plug-Ins/Components/";
				LIBRARY_STYLE = Bundle;
				MACOSX_DEPLOYMENT_TARGET = 10.11;
				MACOSX_DEPLOYMENT_TARGET_ppc = 10.4;
				OTHER_LDFLAGS = "-bundle -lSARAH";
				OTHER_REZFLAGS = "-d ppc_$ppc -d i386_$i386 -d ppc64_$ppc64 -d x86_64_$x86_64 -I /System/Library/Frameworks/CoreServices.framework/Frameworks/CarbonCore.framework/Versions/A/Headers -I \"$(DEVELOPER_DIR)/Extras/CoreAudio/AudioUnits/AUPublic/AUBase\"";
				PRODUCT_BUNDLE_IDENTIFIER = com.yourcompany.SARAH;
				SDKROOT_ppc = macosx10.5;
				USE_HEADERMAP = NO;
				WRAPPER_EXTENSION = component; }; name = Release; };
		3495BB7AB19CB58C82868E99 = {isa = XCBuildConfiguration; buildSettings = {
				CLANG_CXX_LANGUAGE_STANDARD = "c++1z";
				CLANG_LINK_OBJC_RUNTIME = NO;
				COMBINE_HIDPI_IMAGES = YES;
				CONFIGURATION_BUILD_DIR = "$(PROJECT_DIR)/build/$(CONFIGURATION)";
				COPY_PHASE_STRIP = NO;
				GCC_DYNAMIC_NO_PIC = NO;
				GCC_OPTIMIZATION_LEVEL = 0;
				GCC_PREPROCESSOR_DEFINITIONS = (
					"_DEBUG=1",
					"DEBUG=1",
					"JUCER_XCODE_MAC_F6D2F4CF=1",
					"JUCE_APP_VERSION=1.0.0",
					"JUCE_APP_VERSION_HEX=0x10000",
					"JucePlugin_Build_VST=1",
					"JucePlugin_Build_VST3=0",
					"JucePlugin_Build_AU=1",
					"JucePlugin_Build_AUv3=0",
					"JucePlugin_Build_RTAS=0",
					"JucePlugin_Build_AAX=0",
					"JucePlugin_Build_Standalone=0",
					"JUCE_SHARED_CODE=1", );
				GCC_VERSION = com.apple.compilers.llvm.clang.1_0;
				HEADER_SEARCH_PATHS = ("../../JuceLibraryCode", "../../JuceLibraryCode/modules", "../../JuceLibraryCode/modules/juce_audio_plugin_client", "$(inherited)");
				INSTALL_PATH = "@executable_path/../Frameworks";
				MACOSX_DEPLOYMENT_TARGET = 10.11;
				MACOSX_DEPLOYMENT_TARGET_ppc = 10.4;
				PRODUCT_BUNDLE_IDENTIFIER = com.yourcompany.SARAH;
				SDKROOT_ppc = macosx10.5;
				USE_HEADERMAP = NO; }; name = Debug; };
		C82AFB738F6F6E5F4588435A = {isa = XCBuildConfiguration; buildSettings = {
				CLANG_CXX_LANGUAGE_STANDARD = "c++1z";
				CLANG_LINK_OBJC_RUNTIME = NO;
				COMBINE_HIDPI_IMAGES = YES;
				CONFIGURATION_BUILD_DIR = "$(PROJECT_DIR)/build/$(CONFIGURATION)";
				DEAD_CODE_STRIPPING = YES;
				GCC_GENERATE_DEBUGGING_SYMBOLS = NO;
				GCC_OPTIMIZATION_LEVEL = 3;
				GCC_PREPROCESSOR_DEFINITIONS = (
					"_NDEBUG=1",
					"NDEBUG=1",
					"JUCER_XCODE_MAC_F6D2F4CF=1",
					"JUCE_APP_VERSION=1.0.0",
					"JUCE_APP_VERSION_HEX=0x10000",
					"JucePlugin_Build_VST=1",
					"JucePlugin_Build_VST3=0",
					"JucePlugin_Build_AU=1",
					"JucePlugin_Build_AUv3=0",
					"JucePlugin_Build_RTAS=0",
					"JucePlugin_Build_AAX=0",
					"JucePlugin_Build_Standalone=0",
					"JUCE_SHARED_CODE=1", );
				GCC_SYMBOLS_PRIVATE_EXTERN = YES;
				GCC_VERSION = com.apple.compilers.llvm.clang.1_0;
				HEADER_SEARCH_PATHS = ("../../JuceLibraryCode", "../../JuceLibraryCode/modules", "../../JuceLibraryCode/modules/juce_audio_plugin_client", "$(inherited)");
				INSTALL_PATH = "@executable_path/../Frameworks";
				MACOSX_DEPLOYMENT_TARGET = 10.11;
				MACOSX_DEPLOYMENT_TARGET_ppc = 10.4;
				PRODUCT_BUNDLE_IDENTIFIER = com.yourcompany.SARAH;
				SDKROOT_ppc = macosx10.5;
				USE_HEADERMAP = NO; }; name = Release; };
		6B88321E582F609DB6A99421 = {isa = XCBuildConfiguration; buildSettings = {
				ALWAYS_SEARCH_USER_PATHS = NO;
				CLANG_WARN_BLOCK_CAPTURE_AUTORELEASING = YES;
				CLANG_WARN_BOOL_CONVERSION = YES;
				CLANG_WARN_COMMA = YES;
				CLANG_WARN_CONSTANT_CONVERSION = YES;
				CLANG_WARN_EMPTY_BODY = YES;
				CLANG_WARN_ENUM_CONVERSION = YES;
				CLANG_WARN_INFINITE_RECURSION = YES;
				CLANG_WARN_INT_CONVERSION = YES;
				CLANG_WARN_NON_LITERAL_NULL_CONVERSION = YES;
				CLANG_WARN_OBJC_LITERAL_CONVERSION = YES;
				CLANG_WARN_RANGE_LOOP_ANALYSIS = YES;
				CLANG_WARN_STRICT_PROTOTYPES = YES;
				CLANG_WARN_SUSPICIOUS_MOVE = YES;
				CLANG_WARN_UNREACHABLE_CODE = YES;
				CLANG_WARN__DUPLICATE_METHOD_MATCH = YES;
				DEBUG_INFORMATION_FORMAT = "dwarf";
				ENABLE_STRICT_OBJC_MSGSEND = YES;
				ENABLE_TESTABILITY = YES;
				GCC_C_LANGUAGE_STANDARD = c11;
				GCC_INLINES_ARE_PRIVATE_EXTERN = YES;
				GCC_MODEL_TUNING = G5;
				GCC_NO_COMMON_BLOCKS = YES;
				GCC_WARN_64_TO_32_BIT_CONVERSION = YES;
				GCC_WARN_ABOUT_RETURN_TYPE = YES;
				GCC_WARN_CHECK_SWITCH_STATEMENTS = YES;
				GCC_WARN_MISSING_PARENTHESES = YES;
				GCC_WARN_NON_VIRTUAL_DESTRUCTOR = YES;
				GCC_WARN_TYPECHECK_CALLS_TO_PRINTF = YES;
				GCC_WARN_UNDECLARED_SELECTOR = YES;
				GCC_WARN_UNINITIALIZED_AUTOS = YES;
				GCC_WARN_UNUSED_FUNCTION = YES;
				GCC_WARN_UNUSED_VARIABLE = YES;
				ONLY_ACTIVE_ARCH = YES;
				PRODUCT_NAME = "SARAH";
				WARNING_CFLAGS = -Wreorder;
				ZERO_LINK = NO; }; name = Debug; };
		959A03DEAB0A3B367336EE7C = {isa = XCBuildConfiguration; buildSettings = {
				ALWAYS_SEARCH_USER_PATHS = NO;
				CLANG_WARN_BLOCK_CAPTURE_AUTORELEASING = YES;
				CLANG_WARN_BOOL_CONVERSION = YES;
				CLANG_WARN_COMMA = YES;
				CLANG_WARN_CONSTANT_CONVERSION = YES;
				CLANG_WARN_EMPTY_BODY = YES;
				CLANG_WARN_ENUM_CONVERSION = YES;
				CLANG_WARN_INFINITE_RECURSION = YES;
				CLANG_WARN_INT_CONVERSION = YES;
				CLANG_WARN_NON_LITERAL_NULL_CONVERSION = YES;
				CLANG_WARN_OBJC_LITERAL_CONVERSION = YES;
				CLANG_WARN_RANGE_LOOP_ANALYSIS = YES;
				CLANG_WARN_STRICT_PROTOTYPES = YES;
				CLANG_WARN_SUSPICIOUS_MOVE = YES;
				CLANG_WARN_UNREACHABLE_CODE = YES;
				CLANG_WARN__DUPLICATE_METHOD_MATCH = YES;
				DEBUG_INFORMATION_FORMAT = "dwarf";
				ENABLE_STRICT_OBJC_MSGSEND = YES;
				GCC_C_LANGUAGE_STANDARD = c11;
				GCC_INLINES_ARE_PRIVATE_EXTERN = YES;
				GCC_MODEL_TUNING = G5;
				GCC_NO_COMMON_BLOCKS = YES;
				GCC_WARN_64_TO_32_BIT_CONVERSION = YES;
				GCC_WARN_ABOUT_RETURN_TYPE = YES;
				GCC_WARN_CHECK_SWITCH_STATEMENTS = YES;
				GCC_WARN_MISSING_PARENTHESES = YES;
				GCC_WARN_NON_VIRTUAL_DESTRUCTOR = YES;
				GCC_WARN_TYPECHECK_CALLS_TO_PRINTF = YES;
				GCC_WARN_UNDECLARED_SELECTOR = YES;
				GCC_WARN_UNINITIALIZED_AUTOS = YES;
				GCC_WARN_UNUSED_FUNCTION = YES;
				GCC_WARN_UNUSED_VARIABLE = YES;
				PRODUCT_NAME = "SARAH";
				WARNING_CFLAGS = -Wreorder;
				ZERO_LINK = NO; }; name = Release; };
		2A740496768D12C0DC6449D3 = {isa = PBXTargetDependency; target = E5CA1B739008628E3D9C58D2; };
		59F69CAEB4C9E52688529F3C = {isa = PBXTargetDependency; target = 3DB10203DC6B0BF69D9982D1; };
		40FE21ECD7BA8B88183B91AB = {isa = PBXTargetDependency; target = 199711B9997273884D8D2639; };
		C186A67850A52C8963B2ABA6 = {isa = XCConfigurationList; buildConfigurations = (
					6B88321E582F609DB6A99421,
					959A03DEAB0A3B367336EE7C, ); defaultConfigurationIsVisible = 0; defaultConfigurationName = Debug; };
		59EE8E869B8C565182B9E65F = {isa = XCConfigurationList; buildConfigurations = (
					CC4FD381A8480807A88C4389,
					77E823EAB434C241BC840148, ); defaultConfigurationIsVisible = 0; defaultConfigurationName = Debug; };
		E6B4EBD9075B4B47D5DD7865 = {isa = PBXAggregateTarget; buildConfigurationList = 59EE8E869B8C565182B9E65F; buildPhases = (  ); buildRules = ( ); dependencies = (
					2A740496768D12C0DC6449D3,
					59F69CAEB4C9E52688529F3C,
					40FE21ECD7BA8B88183B91AB, ); name = "SARAH - All"; productName = SARAH; };
		BAF111359E67429447C6B36E = {isa = XCConfigurationList; buildConfigurations = (
					530B426E47E7CBB6B3051A63,
					2ACFA44137E298BDE44D484D, ); defaultConfigurationIsVisible = 0; defaultConfigurationName = Debug; };
		722A05D4E79A109F6B6B6B54 = {isa = PBXResourcesBuildPhase; buildActionMask = 2147483647; files = (
					851297BC177E3DC640F3749F, ); runOnlyForDeploymentPostprocessing = 0; };
		3A70370A7207D1C8565BFAA9 = {isa = PBXSourcesBuildPhase; buildActionMask = 2147483647; files = (
					07BFDC946263E49F9F9867D5, ); runOnlyForDeploymentPostprocessing = 0; };
		B9B3CA7ADF0E014A6630EF50 = {isa = PBXFrameworksBuildPhase; buildActionMask = 2147483647; files = (
					E85512AE969C0C1E718341FA,
					69AF1643FE2B63F513243E6D,
					F05887E948D5DA72B459193F,
					A67662999B77C362F5048666,
					B629017EABF450E39A833EEE,
					23B9B7974501CA12C016B256,
					A0AC1D03E409310C2F377FEC,
					1A116840919C3029A61126C3,
					EB8FE3E00D77E52AD8C0229A,
					B5DF7450BB47A0B82536167C,
					FD35FCF29C2F3C28C9B49706, ); runOnlyForDeploymentPostprocessing = 0; };
		E5CA1B739008628E3D9C58D2 = {isa = PBXNativeTarget; buildConfigurationList = BAF111359E67429447C6B36E; buildPhases = (
					722A05D4E79A109F6B6B6B54,
					3A70370A7207D1C8565BFAA9,
					B9B3CA7ADF0E014A6630EF50, ); buildRules = ( ); dependencies = (
					40FE21ECD7BA8B88183B91AB, ); name = "SARAH - VST"; productName = SARAH; productReference = 801FF0CD4FCCE6ACB26C7B0B; productType = "com.apple.product-type.bundle"; };
		5179D04A7F88AB4EDA66D0EC = {isa = XCConfigurationList; buildConfigurations = (
					9CA0DBFAF72F91515EB8C14E,
					5C4CF767815E08D40755F9A9, ); defaultConfigurationIsVisible = 0; defaultConfigurationName = Debug; };
		2767619B7D7F28DBE416D1C1 = {isa = PBXResourcesBuildPhase; buildActionMask = 2147483647; files = (
					851297BC177E3DC640F3749F, ); runOnlyForDeploymentPostprocessing = 0; };
		7FC7BF416133D3E4DB918209 = {isa = PBXRezBuildPhase; buildActionMask = 2147483647; files = (
					8038D64BAAF580AC3F20CAC5, ); runOnlyForDeploymentPostprocessing = 0; };
		044D3D5E4BD63A7E19A8B000 = {isa = PBXSourcesBuildPhase; buildActionMask = 2147483647; files = (
					54BDC435FE236BEC612EB22A,
					F2DBE7619D78232615321A44, ); runOnlyForDeploymentPostprocessing = 0; };
		E5191797C0764B69003DE10C = {isa = PBXFrameworksBuildPhase; buildActionMask = 2147483647; files = (
					E85512AE969C0C1E718341FA,
					69AF1643FE2B63F513243E6D,
					80CCD4916906B2BCE71F1084,
					F05887E948D5DA72B459193F,
					A67662999B77C362F5048666,
					B629017EABF450E39A833EEE,
					9BAAD3257D5CDCD8ECC8F709,
					23B9B7974501CA12C016B256,
					A0AC1D03E409310C2F377FEC,
					1A116840919C3029A61126C3,
					EB8FE3E00D77E52AD8C0229A,
					B5DF7450BB47A0B82536167C,
					FD35FCF29C2F3C28C9B49706, ); runOnlyForDeploymentPostprocessing = 0; };
		3DB10203DC6B0BF69D9982D1 = {isa = PBXNativeTarget; buildConfigurationList = 5179D04A7F88AB4EDA66D0EC; buildPhases = (
					2767619B7D7F28DBE416D1C1,
					7FC7BF416133D3E4DB918209,
					044D3D5E4BD63A7E19A8B000,
					E5191797C0764B69003DE10C, ); buildRules = ( ); dependencies = (
					40FE21ECD7BA8B88183B91AB, ); name = "SARAH - AU"; productName = SARAH; productReference = 84651FD5077B50932B77DF90; productType = "com.apple.product-type.bundle"; };
		4D9C6C5B7805BF0AD37C9763 = {isa = XCConfigurationList; buildConfigurations = (
					3495BB7AB19CB58C82868E99,
					C82AFB738F6F6E5F4588435A, ); defaultConfigurationIsVisible = 0; defaultConfigurationName = Debug; };
		0D0CBEC8D43D771994A39815 = {isa = PBXSourcesBuildPhase; buildActionMask = 2147483647; files = (
					FD2D36FF804C5E1DEC9D2298,
					8A3B67E6613B2EF47E2AB913,
					34BA1639B68FEA65A8A76D34,
					BC28C2E1913DF721333EB7A0,
					C74512C54743E6C9948AA881,
					C017F4B6C3DBB864F6263ECB,
					1C64499681A71DF6A7EA23B4,
					C085C79348320DEB9CF3A06B,
					5C8C79A176D11C9B854E271A,
					3D1A00F19B5B6F468A8FFD3A,
					C80F83FF1B8AA58A8BFFB607,
					C62BC12F6B107B53DDD500F0,
					784CFF7462F5E4804C1D2AB1,
					5BE9B1F58BD6E7C7E8B2C8DB,
					5344B4476F185C23C1D90E61,
					128DCDB5BA3C2190610A6424,
					56852DEECC55333E5AD65906,
					EDD73701175737513F23A4F5,
					13E28A74B8F8F1664DA632A2,
					E620E64891C682199C719C02,
					6957FF4DDDC30CF6D2653883,
					229B9E58C18F0417C264A2CE,
					ABAA3E15444657585B103CEC,
					41985323DF6BF4F35A5A3CA9,
					6DB39E66E29E4C02A25BFE29,
					81C56E35049909E830079FCA,
					F8479CD868FD328354C72566, ); runOnlyForDeploymentPostprocessing = 0; };
		199711B9997273884D8D2639 = {isa = PBXNativeTarget; buildConfigurationList = 4D9C6C5B7805BF0AD37C9763; buildPhases = (
					0D0CBEC8D43D771994A39815, ); buildRules = ( ); dependencies = (  ); name = "SARAH - Shared Code"; productName = SARAH; productReference = 9B27AC7EF1A349EDB7586149; productType = "com.apple.product-type.library.static"; };
		D06B91C688CAA8B93A391B2C = {isa = PBXProject; buildConfigurationList = C186A67850A52C8963B2ABA6; attributes = { LastUpgradeCheck = 0830; TargetAttributes = { E6B4EBD9075B4B47D5DD7865 = { SystemCapabilities = {com.apple.ApplicationGroups.iOS = { enabled = 0; }; com.apple.InAppPurchase = { enabled = 0; }; com.apple.InterAppAudio = { enabled = 0; }; com.apple.Push = { enabled = 0; }; com.apple.Sandbox = { enabled = 0; }; }; };E5CA1B739008628E3D9C58D2 = { SystemCapabilities = {com.apple.ApplicationGroups.iOS = { enabled = 0; }; com.apple.InAppPurchase = { enabled = 0; }; com.apple.InterAppAudio = { enabled = 0; }; com.apple.Push = { enabled = 0; }; com.apple.Sandbox = { enabled = 0; }; }; };3DB10203DC6B0BF69D9982D1 = { SystemCapabilities = {com.apple.ApplicationGroups.iOS = { enabled = 0; }; com.apple.InAppPurchase = { enabled = 0; }; com.apple.InterAppAudio = { enabled = 0; }; com.apple.Push = { enabled = 0; }; com.apple.Sandbox = { enabled = 0; }; }; };199711B9997273884D8D2639 = { SystemCapabilities = {com.apple.ApplicationGroups.iOS = { enabled = 0; }; com.apple.InAppPurchase = { enabled = 0; }; com.apple.InterAppAudio = { enabled = 0; }; com.apple.Push = { enabled = 0; }; com.apple.Sandbox = { enabled = 0; }; }; }; }; }; compatibilityVersion = "Xcode 3.2"; hasScannedForEncodings = 0; mainGroup = F3E08F5BD99852E62F922989; projectDirPath = ""; projectRoot = ""; targets = (E6B4EBD9075B4B47D5DD7865, E5CA1B739008628E3D9C58D2, 3DB10203DC6B0BF69D9982D1, 199711B9997273884D8D2639); };
	};
	rootObject = D06B91C688CAA8B93A391B2C;
}
